{
  "version": 4,
  "terraform_version": "1.6.2",
  "serial": 61,
  "lineage": "ee5d4515-9bf3-71af-3146-b87324761ad0",
  "outputs": {},
  "resources": [
    {
      "mode": "managed",
      "type": "digitalocean_container_registry",
      "name": "container_registry",
      "provider": "provider[\"registry.terraform.io/digitalocean/digitalocean\"]",
      "instances": [
        {
          "schema_version": 0,
          "attributes": {
            "created_at": "2024-03-01 15:22:17 +0000 UTC",
            "endpoint": "registry.digitalocean.com/harry",
            "id": "harry",
            "name": "harry",
            "region": "sfo2",
            "server_url": "registry.digitalocean.com",
            "storage_usage_bytes": 3108972544,
            "subscription_tier_slug": "basic"
          },
          "sensitive_attributes": [],
          "private": "bnVsbA=="
        }
      ]
    },
    {
      "mode": "managed",
      "type": "digitalocean_container_registry_docker_credentials",
      "name": "container_registry_credentials",
      "provider": "provider[\"registry.terraform.io/digitalocean/digitalocean\"]",
      "instances": [
        {
          "schema_version": 0,
          "attributes": {
            "credential_expiration_time": "2074-02-17T15:35:05Z",
            "docker_credentials": "{\"auths\":{\"registry.digitalocean.com\":{\"auth\":\"aGFycnkrZG9Aa2l0dG9mZmljZXMuY29tOmRvcF92MV8wZmRjYjliOTJlZjkzNzc5YWExNzc0NjRjZTkyYTFkYjFhMjkxNjIyYTMyMDg1ODIxYTcxOTY1YjJlYWQ3NDkw\"}}}",
            "expiry_seconds": 1576800000,
            "id": "harry",
            "registry_name": "harry",
            "write": false
          },
          "sensitive_attributes": [],
          "private": "bnVsbA==",
          "dependencies": [
            "digitalocean_container_registry.container_registry"
          ]
        }
      ]
    },
    {
      "mode": "managed",
      "type": "digitalocean_kubernetes_cluster",
      "name": "cluster",
      "provider": "provider[\"registry.terraform.io/digitalocean/digitalocean\"]",
      "instances": [
        {
          "schema_version": 3,
          "attributes": {
            "auto_upgrade": false,
            "cluster_subnet": "10.244.0.0/16",
            "created_at": "2024-03-01 14:27:20 +0000 UTC",
            "destroy_all_associated_resources": null,
            "endpoint": "https://0f0a07c2-6f29-4859-a2b9-3004106cc906.k8s.ondigitalocean.com",
            "ha": false,
            "id": "0f0a07c2-6f29-4859-a2b9-3004106cc906",
            "ipv4_address": "",
            "kube_config": [
              {
                "client_certificate": "",
                "client_key": "",
                "cluster_ca_certificate": "LS0tLS1CRUdJTiBDRVJUSUZJQ0FURS0tLS0tCk1JSURKekNDQWcrZ0F3SUJBZ0lDQm5Vd0RRWUpLb1pJaHZjTkFRRUxCUUF3TXpFVk1CTUdBMVVFQ2hNTVJHbG4KYVhSaGJFOWpaV0Z1TVJvd0dBWURWUVFERXhGck9ITmhZWE1nUTJ4MWMzUmxjaUJEUVRBZUZ3MHlOREF6TURFeApOREkzTWpGYUZ3MDBOREF6TURFeE5ESTNNakZhTURNeEZUQVRCZ05WQkFvVERFUnBaMmwwWVd4UFkyVmhiakVhCk1CZ0dBMVVFQXhNUmF6aHpZV0Z6SUVOc2RYTjBaWElnUTBFd2dnRWlNQTBHQ1NxR1NJYjNEUUVCQVFVQUE0SUIKRHdBd2dnRUtBb0lCQVFDZkJLNEMvRHZPY0JjSU1vbmpXMHo5VU5tU0FLNFhhMml6Y1N6bWpQQ3IxeW11UElyRQphQWhUYVVoZFoyMGRzbHRlRHNNU09wbytEOE93ckdta3pNdVN2QzNCMVRzdnBrTXluUHQxYXRDSVVBM0N4S25lCnBKeVJoSzV6cHkzOGVmalRkaHoxNytKR2tjU01KOUREQ3ovcGJrLzRKTHBwTjJ0NVB2akhZQisraWZaK2NQdjcKd1pVbHN0cStFaEhPTlI3UHlDUWx4UmxmUmtWMWhHajR4czcwOWdnTGtKOGREVFNZaUxIa1ZLanNVS0VDRE5XMwo1WkNhU0tjWkVOSUJPSG1WU0swSy9Zd2g5S1NhLzVJVmd6VEgvRFh1eWU5Wld1RXNEWU9Kc2IyUGVDaXR6clp5CkVhQmN3cS9QekJmQkJsWll6VDE0MVh4NGJ0c0VDcW5sYit0VEFnTUJBQUdqUlRCRE1BNEdBMVVkRHdFQi93UUUKQXdJQmhqQVNCZ05WSFJNQkFmOEVDREFHQVFIL0FnRUFNQjBHQTFVZERnUVdCQlF4L202bFBpdjFKeEk0MnZyNgpQWTRKUjNpUXR6QU5CZ2txaGtpRzl3MEJBUXNGQUFPQ0FRRUFhSmgrMGJmNm1tZ29TVXBvdG4vaDdxUmsxQWJiCkF3dXdQVndoRW5rdGZuaFZJbmNqeDJpZTlQWUxIS0xBTnZLejJBb0NFUmllVjNLQmE5YTBFbmVHbXd2SUJ6aGkKb0xRVkVLcEdHWkttZ1A2TDZ6YTA2NHhKRm5yUUNQaHp4SHlFbUl4Tll0OVBBN055M0I1WEZISGlPZ01aRU51RQoyUnQ3S2ZNb0lZdWdjWlBsczZiU2UrQ1NwT0RXRkVuR3NzY2g4cVNzQ0E0Q3RwV1E2elJDWktGWXRwaGd1UzhhCnd1MFR6SStHVk9oUXRlb3cyWE9WMmkwZG1BeFB5NTBsWEQwaG5uTDU3b0hOcitOMVRFTC9IdFpneUtsTWRna3QKVC9RNkxYRlh2OWQ1SGQwQ2xxY3kraXk4eWx4TUFFc240Y085dy84M081TzNjYk0xWXh3QTFiWnBWUT09Ci0tLS0tRU5EIENFUlRJRklDQVRFLS0tLS0K",
                "expires_at": "2024-03-08T14:55:39Z",
                "host": "https://0f0a07c2-6f29-4859-a2b9-3004106cc906.k8s.ondigitalocean.com",
                "raw_config": "apiVersion: v1\nkind: Config\nclusters:\n- cluster:\n    certificate-authority-data: LS0tLS1CRUdJTiBDRVJUSUZJQ0FURS0tLS0tCk1JSURKekNDQWcrZ0F3SUJBZ0lDQm5Vd0RRWUpLb1pJaHZjTkFRRUxCUUF3TXpFVk1CTUdBMVVFQ2hNTVJHbG4KYVhSaGJFOWpaV0Z1TVJvd0dBWURWUVFERXhGck9ITmhZWE1nUTJ4MWMzUmxjaUJEUVRBZUZ3MHlOREF6TURFeApOREkzTWpGYUZ3MDBOREF6TURFeE5ESTNNakZhTURNeEZUQVRCZ05WQkFvVERFUnBaMmwwWVd4UFkyVmhiakVhCk1CZ0dBMVVFQXhNUmF6aHpZV0Z6SUVOc2RYTjBaWElnUTBFd2dnRWlNQTBHQ1NxR1NJYjNEUUVCQVFVQUE0SUIKRHdBd2dnRUtBb0lCQVFDZkJLNEMvRHZPY0JjSU1vbmpXMHo5VU5tU0FLNFhhMml6Y1N6bWpQQ3IxeW11UElyRQphQWhUYVVoZFoyMGRzbHRlRHNNU09wbytEOE93ckdta3pNdVN2QzNCMVRzdnBrTXluUHQxYXRDSVVBM0N4S25lCnBKeVJoSzV6cHkzOGVmalRkaHoxNytKR2tjU01KOUREQ3ovcGJrLzRKTHBwTjJ0NVB2akhZQisraWZaK2NQdjcKd1pVbHN0cStFaEhPTlI3UHlDUWx4UmxmUmtWMWhHajR4czcwOWdnTGtKOGREVFNZaUxIa1ZLanNVS0VDRE5XMwo1WkNhU0tjWkVOSUJPSG1WU0swSy9Zd2g5S1NhLzVJVmd6VEgvRFh1eWU5Wld1RXNEWU9Kc2IyUGVDaXR6clp5CkVhQmN3cS9QekJmQkJsWll6VDE0MVh4NGJ0c0VDcW5sYit0VEFnTUJBQUdqUlRCRE1BNEdBMVVkRHdFQi93UUUKQXdJQmhqQVNCZ05WSFJNQkFmOEVDREFHQVFIL0FnRUFNQjBHQTFVZERnUVdCQlF4L202bFBpdjFKeEk0MnZyNgpQWTRKUjNpUXR6QU5CZ2txaGtpRzl3MEJBUXNGQUFPQ0FRRUFhSmgrMGJmNm1tZ29TVXBvdG4vaDdxUmsxQWJiCkF3dXdQVndoRW5rdGZuaFZJbmNqeDJpZTlQWUxIS0xBTnZLejJBb0NFUmllVjNLQmE5YTBFbmVHbXd2SUJ6aGkKb0xRVkVLcEdHWkttZ1A2TDZ6YTA2NHhKRm5yUUNQaHp4SHlFbUl4Tll0OVBBN055M0I1WEZISGlPZ01aRU51RQoyUnQ3S2ZNb0lZdWdjWlBsczZiU2UrQ1NwT0RXRkVuR3NzY2g4cVNzQ0E0Q3RwV1E2elJDWktGWXRwaGd1UzhhCnd1MFR6SStHVk9oUXRlb3cyWE9WMmkwZG1BeFB5NTBsWEQwaG5uTDU3b0hOcitOMVRFTC9IdFpneUtsTWRna3QKVC9RNkxYRlh2OWQ1SGQwQ2xxY3kraXk4eWx4TUFFc240Y085dy84M081TzNjYk0xWXh3QTFiWnBWUT09Ci0tLS0tRU5EIENFUlRJRklDQVRFLS0tLS0K\n    server: https://0f0a07c2-6f29-4859-a2b9-3004106cc906.k8s.ondigitalocean.com\n  name: do-lon1-harry\ncontexts:\n- context:\n    cluster: do-lon1-harry\n    user: do-lon1-harry-admin\n  name: do-lon1-harry\ncurrent-context: do-lon1-harry\nusers:\n- name: do-lon1-harry-admin\n  user:\n    token: dop_v1_9f8e191de3746b121f434c477ddaf12951bcff1229ddc790ebe178c78ecc1683\n",
                "token": "dop_v1_9f8e191de3746b121f434c477ddaf12951bcff1229ddc790ebe178c78ecc1683"
              }
            ],
            "maintenance_policy": [
              {
                "day": "any",
                "duration": "4h0m0s",
                "start_time": "10:00"
              }
            ],
            "name": "harry",
            "node_pool": [
              {
                "actual_node_count": 1,
                "auto_scale": false,
                "id": "22691a2d-f3a2-44f5-862d-d8636d34c69b",
                "labels": {},
                "max_nodes": 0,
                "min_nodes": 0,
                "name": "worker-pool",
                "node_count": 0,
                "nodes": [
                  {
                    "created_at": "2024-03-01 14:27:20 +0000 UTC",
                    "droplet_id": "404236228",
                    "id": "d72346b1-4d17-4eeb-b19b-ae07bb87c561",
                    "name": "worker-pool-opvhr",
                    "status": "running",
                    "updated_at": "2024-03-01 14:29:24 +0000 UTC"
                  }
                ],
                "size": "s-1vcpu-2gb",
                "tags": [],
                "taint": []
              }
            ],
            "region": "lon1",
            "registry_integration": null,
            "service_subnet": "10.245.0.0/16",
            "status": "running",
            "surge_upgrade": true,
            "tags": [],
            "timeouts": null,
            "updated_at": "2024-03-01 16:35:08 +0000 UTC",
            "urn": "do:kubernetes:0f0a07c2-6f29-4859-a2b9-3004106cc906",
            "version": "1.29.1-do.0",
            "vpc_uuid": "194bc435-75c2-4b33-909d-46555188228e"
          },
          "sensitive_attributes": [],
          "private": "eyJlMmJmYjczMC1lY2FhLTExZTYtOGY4OC0zNDM2M2JjN2M0YzAiOnsiY3JlYXRlIjoxODAwMDAwMDAwMDAwfSwic2NoZW1hX3ZlcnNpb24iOiIzIn0="
        }
      ]
    },
    {
      "mode": "managed",
      "type": "kubernetes_deployment",
      "name": "backend",
      "provider": "provider[\"registry.terraform.io/hashicorp/kubernetes\"]",
      "instances": [
        {
          "schema_version": 1,
          "attributes": {
            "id": "default/backend",
            "metadata": [
              {
                "annotations": {},
                "generate_name": "",
                "generation": 1,
                "labels": {
                  "app": "backend"
                },
                "name": "backend",
                "namespace": "default",
                "resource_version": "36281",
                "uid": "37b424f0-aac1-4eb5-8925-cce2661d5488"
              }
            ],
            "spec": [
              {
                "min_ready_seconds": 0,
                "paused": false,
                "progress_deadline_seconds": 600,
                "replicas": "1",
                "revision_history_limit": 10,
                "selector": [
                  {
                    "match_expressions": [],
                    "match_labels": {
                      "app": "backend"
                    }
                  }
                ],
                "strategy": [
                  {
                    "rolling_update": [
                      {
                        "max_surge": "25%",
                        "max_unavailable": "25%"
                      }
                    ],
                    "type": "RollingUpdate"
                  }
                ],
                "template": [
                  {
                    "metadata": [
                      {
                        "annotations": {},
                        "generate_name": "",
                        "generation": 0,
                        "labels": {
                          "app": "backend"
                        },
                        "name": "",
                        "namespace": "",
                        "resource_version": "",
                        "uid": ""
                      }
                    ],
                    "spec": [
                      {
                        "active_deadline_seconds": 0,
                        "affinity": [],
                        "automount_service_account_token": true,
                        "container": [
                          {
                            "args": [],
                            "command": [],
                            "env": [],
                            "env_from": [],
                            "image": "registry.digitalocean.com/harry/backend",
                            "image_pull_policy": "Always",
                            "lifecycle": [],
                            "liveness_probe": [],
                            "name": "example",
                            "port": [
                              {
                                "container_port": 8080,
                                "host_ip": "",
                                "host_port": 0,
                                "name": "",
                                "protocol": "TCP"
                              }
                            ],
                            "readiness_probe": [],
                            "resources": [
                              {
                                "limits": {},
                                "requests": {}
                              }
                            ],
                            "security_context": [],
                            "startup_probe": [],
                            "stdin": false,
                            "stdin_once": false,
                            "termination_message_path": "/dev/termination-log",
                            "termination_message_policy": "File",
                            "tty": false,
                            "volume_mount": [],
                            "working_dir": ""
                          }
                        ],
                        "dns_config": [],
                        "dns_policy": "ClusterFirst",
                        "enable_service_links": true,
                        "host_aliases": [],
                        "host_ipc": false,
                        "host_network": false,
                        "host_pid": false,
                        "hostname": "",
                        "image_pull_secrets": [
                          {
                            "name": "docker-credentials"
                          }
                        ],
                        "init_container": [],
                        "node_name": "",
                        "node_selector": {},
                        "os": [],
                        "priority_class_name": "",
                        "readiness_gate": [],
                        "restart_policy": "Always",
                        "runtime_class_name": "",
                        "scheduler_name": "default-scheduler",
                        "security_context": [],
                        "service_account_name": "",
                        "share_process_namespace": false,
                        "subdomain": "",
                        "termination_grace_period_seconds": 30,
                        "toleration": [],
                        "topology_spread_constraint": [],
                        "volume": []
                      }
                    ]
                  }
                ]
              }
            ],
            "timeouts": null,
            "wait_for_rollout": true
          },
          "sensitive_attributes": [],
          "private": "eyJlMmJmYjczMC1lY2FhLTExZTYtOGY4OC0zNDM2M2JjN2M0YzAiOnsiY3JlYXRlIjo2MDAwMDAwMDAwMDAsImRlbGV0ZSI6NjAwMDAwMDAwMDAwLCJ1cGRhdGUiOjYwMDAwMDAwMDAwMH0sInNjaGVtYV92ZXJzaW9uIjoiMSJ9",
          "dependencies": [
            "digitalocean_container_registry.container_registry",
            "digitalocean_container_registry_docker_credentials.container_registry_credentials",
            "digitalocean_kubernetes_cluster.cluster",
            "kubernetes_secret.docker_credentials"
          ]
        }
      ]
    },
    {
      "mode": "managed",
      "type": "kubernetes_deployment",
      "name": "deployment",
      "provider": "provider[\"registry.terraform.io/hashicorp/kubernetes\"]",
      "instances": [
        {
          "schema_version": 1,
          "attributes": {
            "id": "default/nginx-example",
            "metadata": [
              {
                "annotations": {},
                "generate_name": "",
                "generation": 1,
                "labels": {
                  "app": "NginxExample"
                },
                "name": "nginx-example",
                "namespace": "default",
                "resource_version": "6468",
                "uid": "c9f7b008-6005-44e4-ad99-af35161407a7"
              }
            ],
            "spec": [
              {
                "min_ready_seconds": 0,
                "paused": false,
                "progress_deadline_seconds": 600,
                "replicas": "1",
                "revision_history_limit": 10,
                "selector": [
                  {
                    "match_expressions": [],
                    "match_labels": {
                      "app": "NginxExample"
                    }
                  }
                ],
                "strategy": [
                  {
                    "rolling_update": [
                      {
                        "max_surge": "25%",
                        "max_unavailable": "25%"
                      }
                    ],
                    "type": "RollingUpdate"
                  }
                ],
                "template": [
                  {
                    "metadata": [
                      {
                        "annotations": {},
                        "generate_name": "",
                        "generation": 0,
                        "labels": {
                          "app": "NginxExample"
                        },
                        "name": "",
                        "namespace": "",
                        "resource_version": "",
                        "uid": ""
                      }
                    ],
                    "spec": [
                      {
                        "active_deadline_seconds": 0,
                        "affinity": [],
                        "automount_service_account_token": true,
                        "container": [
                          {
                            "args": [],
                            "command": [],
                            "env": [],
                            "env_from": [],
                            "image": "nginx:latest",
                            "image_pull_policy": "Always",
                            "lifecycle": [],
                            "liveness_probe": [],
                            "name": "example",
                            "port": [
                              {
                                "container_port": 80,
                                "host_ip": "",
                                "host_port": 0,
                                "name": "",
                                "protocol": "TCP"
                              }
                            ],
                            "readiness_probe": [],
                            "resources": [
                              {
                                "limits": {},
                                "requests": {}
                              }
                            ],
                            "security_context": [],
                            "startup_probe": [],
                            "stdin": false,
                            "stdin_once": false,
                            "termination_message_path": "/dev/termination-log",
                            "termination_message_policy": "File",
                            "tty": false,
                            "volume_mount": [],
                            "working_dir": ""
                          }
                        ],
                        "dns_config": [],
                        "dns_policy": "ClusterFirst",
                        "enable_service_links": true,
                        "host_aliases": [],
                        "host_ipc": false,
                        "host_network": false,
                        "host_pid": false,
                        "hostname": "",
                        "image_pull_secrets": [],
                        "init_container": [],
                        "node_name": "",
                        "node_selector": {},
                        "os": [],
                        "priority_class_name": "",
                        "readiness_gate": [],
                        "restart_policy": "Always",
                        "runtime_class_name": "",
                        "scheduler_name": "default-scheduler",
                        "security_context": [],
                        "service_account_name": "",
                        "share_process_namespace": false,
                        "subdomain": "",
                        "termination_grace_period_seconds": 30,
                        "toleration": [],
                        "topology_spread_constraint": [],
                        "volume": []
                      }
                    ]
                  }
                ]
              }
            ],
            "timeouts": null,
            "wait_for_rollout": true
          },
          "sensitive_attributes": [],
          "private": "eyJlMmJmYjczMC1lY2FhLTExZTYtOGY4OC0zNDM2M2JjN2M0YzAiOnsiY3JlYXRlIjo2MDAwMDAwMDAwMDAsImRlbGV0ZSI6NjAwMDAwMDAwMDAwLCJ1cGRhdGUiOjYwMDAwMDAwMDAwMH0sInNjaGVtYV92ZXJzaW9uIjoiMSJ9",
          "dependencies": [
            "digitalocean_kubernetes_cluster.cluster"
          ]
        }
      ]
    },
    {
      "mode": "managed",
      "type": "kubernetes_deployment",
      "name": "frontend",
      "provider": "provider[\"registry.terraform.io/hashicorp/kubernetes\"]",
      "instances": [
        {
          "schema_version": 1,
          "attributes": {
            "id": "default/frontend",
            "metadata": [
              {
                "annotations": {},
                "generate_name": "",
                "generation": 7,
                "labels": {
                  "app": "frontend"
                },
                "name": "frontend",
                "namespace": "default",
                "resource_version": "39073",
                "uid": "46999a60-9339-4b65-848c-1d7722187b08"
              }
            ],
            "spec": [
              {
                "min_ready_seconds": 0,
                "paused": false,
                "progress_deadline_seconds": 600,
                "replicas": "1",
                "revision_history_limit": 10,
                "selector": [
                  {
                    "match_expressions": [],
                    "match_labels": {
                      "app": "frontend"
                    }
                  }
                ],
                "strategy": [
                  {
                    "rolling_update": [
                      {
                        "max_surge": "25%",
                        "max_unavailable": "25%"
                      }
                    ],
                    "type": "RollingUpdate"
                  }
                ],
                "template": [
                  {
                    "metadata": [
                      {
                        "annotations": {},
                        "generate_name": "",
                        "generation": 0,
                        "labels": {
                          "app": "frontend"
                        },
                        "name": "",
                        "namespace": "",
                        "resource_version": "",
                        "uid": ""
                      }
                    ],
                    "spec": [
                      {
                        "active_deadline_seconds": 0,
                        "affinity": [],
                        "automount_service_account_token": true,
                        "container": [
                          {
                            "args": [],
                            "command": [],
                            "env": [
                              {
                                "name": "API_URL",
                                "value": "http://backend.default.svc.cluster.local",
                                "value_from": []
                              }
                            ],
                            "env_from": [],
                            "image": "registry.digitalocean.com/harry/frontend:latest",
                            "image_pull_policy": "Always",
                            "lifecycle": [],
                            "liveness_probe": [],
                            "name": "example",
                            "port": [
                              {
                                "container_port": 3000,
                                "host_ip": "",
                                "host_port": 0,
                                "name": "",
                                "protocol": "TCP"
                              }
                            ],
                            "readiness_probe": [],
                            "resources": [
                              {
                                "limits": {},
                                "requests": {}
                              }
                            ],
                            "security_context": [],
                            "startup_probe": [],
                            "stdin": false,
                            "stdin_once": false,
                            "termination_message_path": "/dev/termination-log",
                            "termination_message_policy": "File",
                            "tty": false,
                            "volume_mount": [],
                            "working_dir": ""
                          }
                        ],
                        "dns_config": [],
                        "dns_policy": "ClusterFirst",
                        "enable_service_links": true,
                        "host_aliases": [],
                        "host_ipc": false,
                        "host_network": false,
                        "host_pid": false,
                        "hostname": "",
                        "image_pull_secrets": [
                          {
                            "name": "docker-credentials"
                          }
                        ],
                        "init_container": [],
                        "node_name": "",
                        "node_selector": {},
                        "os": [],
                        "priority_class_name": "",
                        "readiness_gate": [],
                        "restart_policy": "Always",
                        "runtime_class_name": "",
                        "scheduler_name": "default-scheduler",
                        "security_context": [],
                        "service_account_name": "",
                        "share_process_namespace": false,
                        "subdomain": "",
                        "termination_grace_period_seconds": 30,
                        "toleration": [],
                        "topology_spread_constraint": [],
                        "volume": []
                      }
                    ]
                  }
                ]
              }
            ],
            "timeouts": null,
            "wait_for_rollout": true
          },
          "sensitive_attributes": [],
          "private": "eyJlMmJmYjczMC1lY2FhLTExZTYtOGY4OC0zNDM2M2JjN2M0YzAiOnsiY3JlYXRlIjo2MDAwMDAwMDAwMDAsImRlbGV0ZSI6NjAwMDAwMDAwMDAwLCJ1cGRhdGUiOjYwMDAwMDAwMDAwMH0sInNjaGVtYV92ZXJzaW9uIjoiMSJ9",
          "dependencies": [
            "digitalocean_container_registry.container_registry",
            "digitalocean_container_registry_docker_credentials.container_registry_credentials",
            "digitalocean_kubernetes_cluster.cluster",
            "kubernetes_secret.docker_credentials"
          ]
        }
      ]
    },
    {
      "mode": "managed",
      "type": "kubernetes_secret",
      "name": "docker_credentials",
      "provider": "provider[\"registry.terraform.io/hashicorp/kubernetes\"]",
      "instances": [
        {
          "schema_version": 0,
          "attributes": {
            "binary_data": null,
            "data": {
              ".dockerconfigjson": "{\"auths\":{\"registry.digitalocean.com\":{\"auth\":\"aGFycnkrZG9Aa2l0dG9mZmljZXMuY29tOmRvcF92MV8wZmRjYjliOTJlZjkzNzc5YWExNzc0NjRjZTkyYTFkYjFhMjkxNjIyYTMyMDg1ODIxYTcxOTY1YjJlYWQ3NDkw\"}}}"
            },
            "id": "default/docker-credentials",
            "immutable": false,
            "metadata": [
              {
                "annotations": {},
                "generate_name": "",
                "generation": 0,
                "labels": {},
                "name": "docker-credentials",
                "namespace": "default",
                "resource_version": "14286",
                "uid": "f3868650-f331-430e-97aa-f568b822a93d"
              }
            ],
            "timeouts": null,
            "type": "kubernetes.io/dockerconfigjson",
            "wait_for_service_account_token": true
          },
          "sensitive_attributes": [
            [
              {
                "type": "get_attr",
                "value": "data"
              },
              {
                "type": "index",
                "value": {
                  "value": ".dockerconfigjson",
                  "type": "string"
                }
              }
            ]
          ],
          "private": "eyJlMmJmYjczMC1lY2FhLTExZTYtOGY4OC0zNDM2M2JjN2M0YzAiOnsiY3JlYXRlIjo2MDAwMDAwMDAwMH19",
          "dependencies": [
            "digitalocean_container_registry.container_registry",
            "digitalocean_container_registry_docker_credentials.container_registry_credentials",
            "digitalocean_kubernetes_cluster.cluster"
          ]
        }
      ]
    },
    {
      "mode": "managed",
      "type": "kubernetes_service",
      "name": "backend",
      "provider": "provider[\"registry.terraform.io/hashicorp/kubernetes\"]",
      "instances": [
        {
          "schema_version": 1,
          "attributes": {
            "id": "default/backend",
            "metadata": [
              {
                "annotations": {},
                "generate_name": "",
                "generation": 0,
                "labels": {},
                "name": "backend",
                "namespace": "default",
                "resource_version": "38488",
                "uid": "bb261f9c-a00e-424f-9b33-897f1b977b76"
              }
            ],
            "spec": [
              {
                "allocate_load_balancer_node_ports": true,
                "cluster_ip": "10.245.73.233",
                "cluster_ips": [
                  "10.245.73.233"
                ],
                "external_ips": [],
                "external_name": "",
                "external_traffic_policy": "",
                "health_check_node_port": 0,
                "internal_traffic_policy": "Cluster",
                "ip_families": [
                  "IPv4"
                ],
                "ip_family_policy": "SingleStack",
                "load_balancer_class": "",
                "load_balancer_ip": "",
                "load_balancer_source_ranges": [],
                "port": [
                  {
                    "app_protocol": "",
                    "name": "",
                    "node_port": 0,
                    "port": 80,
                    "protocol": "TCP",
                    "target_port": "8080"
                  }
                ],
                "publish_not_ready_addresses": false,
                "selector": {
                  "app": "backend"
                },
                "session_affinity": "None",
                "session_affinity_config": [],
                "type": "ClusterIP"
              }
            ],
            "status": [
              {
                "load_balancer": [
                  {
                    "ingress": []
                  }
                ]
              }
            ],
            "timeouts": null,
            "wait_for_load_balancer": true
          },
          "sensitive_attributes": [],
          "private": "eyJlMmJmYjczMC1lY2FhLTExZTYtOGY4OC0zNDM2M2JjN2M0YzAiOnsiY3JlYXRlIjo2MDAwMDAwMDAwMDB9LCJzY2hlbWFfdmVyc2lvbiI6IjEifQ==",
          "dependencies": [
            "digitalocean_container_registry.container_registry",
            "digitalocean_container_registry_docker_credentials.container_registry_credentials",
            "digitalocean_kubernetes_cluster.cluster",
            "kubernetes_deployment.backend",
            "kubernetes_secret.docker_credentials"
          ]
        }
      ]
    },
    {
      "mode": "managed",
      "type": "kubernetes_service",
      "name": "frontend",
      "provider": "provider[\"registry.terraform.io/hashicorp/kubernetes\"]",
      "instances": [
        {
          "schema_version": 1,
          "attributes": {
            "id": "default/frontend",
            "metadata": [
              {
                "annotations": {},
                "generate_name": "",
                "generation": 0,
                "labels": {},
                "name": "frontend",
                "namespace": "default",
                "resource_version": "39080",
                "uid": "0477b2dd-21aa-4cf1-8b86-228f091e5b0d"
              }
            ],
            "spec": [
              {
                "allocate_load_balancer_node_ports": true,
                "cluster_ip": "10.245.215.73",
                "cluster_ips": [
                  "10.245.215.73"
                ],
                "external_ips": [],
                "external_name": "",
                "external_traffic_policy": "Cluster",
                "health_check_node_port": 0,
                "internal_traffic_policy": "Cluster",
                "ip_families": [
                  "IPv4"
                ],
                "ip_family_policy": "SingleStack",
                "load_balancer_class": "",
                "load_balancer_ip": "",
                "load_balancer_source_ranges": [],
                "port": [
                  {
                    "app_protocol": "",
                    "name": "",
                    "node_port": 31526,
                    "port": 3000,
                    "protocol": "TCP",
                    "target_port": "3000"
                  }
                ],
                "publish_not_ready_addresses": false,
                "selector": {
                  "app": "frontend"
                },
                "session_affinity": "None",
                "session_affinity_config": [],
                "type": "LoadBalancer"
              }
            ],
            "status": [
              {
                "load_balancer": [
                  {
                    "ingress": [
                      {
                        "hostname": "",
                        "ip": "159.65.212.150"
                      }
                    ]
                  }
                ]
              }
            ],
            "timeouts": null,
            "wait_for_load_balancer": true
          },
          "sensitive_attributes": [],
          "private": "eyJlMmJmYjczMC1lY2FhLTExZTYtOGY4OC0zNDM2M2JjN2M0YzAiOnsiY3JlYXRlIjo2MDAwMDAwMDAwMDB9LCJzY2hlbWFfdmVyc2lvbiI6IjEifQ==",
          "dependencies": [
            "digitalocean_container_registry.container_registry",
            "digitalocean_container_registry_docker_credentials.container_registry_credentials",
            "digitalocean_kubernetes_cluster.cluster",
            "kubernetes_deployment.frontend",
            "kubernetes_secret.docker_credentials"
          ]
        }
      ]
    },
    {
      "mode": "managed",
      "type": "kubernetes_service",
      "name": "nginx-example",
      "provider": "provider[\"registry.terraform.io/hashicorp/kubernetes\"]",
      "instances": [
        {
          "schema_version": 1,
          "attributes": {
            "id": "default/nginx-example",
            "metadata": [
              {
                "annotations": {},
                "generate_name": "",
                "generation": 0,
                "labels": {},
                "name": "nginx-example",
                "namespace": "default",
                "resource_version": "39031",
                "uid": "322431ca-529e-4075-b68b-5b5dd1dcccbf"
              }
            ],
            "spec": [
              {
                "allocate_load_balancer_node_ports": true,
                "cluster_ip": "10.245.91.89",
                "cluster_ips": [
                  "10.245.91.89"
                ],
                "external_ips": [],
                "external_name": "",
                "external_traffic_policy": "Cluster",
                "health_check_node_port": 0,
                "internal_traffic_policy": "Cluster",
                "ip_families": [
                  "IPv4"
                ],
                "ip_family_policy": "SingleStack",
                "load_balancer_class": "",
                "load_balancer_ip": "",
                "load_balancer_source_ranges": [],
                "port": [
                  {
                    "app_protocol": "",
                    "name": "",
                    "node_port": 31811,
                    "port": 8080,
                    "protocol": "TCP",
                    "target_port": "80"
                  }
                ],
                "publish_not_ready_addresses": false,
                "selector": {
                  "app": "NginxExample"
                },
                "session_affinity": "None",
                "session_affinity_config": [],
                "type": "LoadBalancer"
              }
            ],
            "status": [
              {
                "load_balancer": [
                  {
                    "ingress": [
                      {
                        "hostname": "",
                        "ip": "68.183.252.208"
                      }
                    ]
                  }
                ]
              }
            ],
            "timeouts": null,
            "wait_for_load_balancer": true
          },
          "sensitive_attributes": [],
          "private": "eyJlMmJmYjczMC1lY2FhLTExZTYtOGY4OC0zNDM2M2JjN2M0YzAiOnsiY3JlYXRlIjo2MDAwMDAwMDAwMDB9LCJzY2hlbWFfdmVyc2lvbiI6IjEifQ==",
          "dependencies": [
            "digitalocean_kubernetes_cluster.cluster",
            "kubernetes_deployment.deployment"
          ]
        }
      ]
    }
  ],
  "check_results": null
}
